// !$*UTF8*$!
{
	archiveVersion = 1;
	classes = {
	};
	objectVersion = 46;
	objects = {

/* Begin PBXBuildFile section */
		075612111E576DA000061E85 /* AppDelegate.swift in Sources */ = {isa = PBXBuildFile; fileRef = 075612101E576DA000061E85 /* AppDelegate.swift */; };
		075612131E576DA000061E85 /* ViewController.swift in Sources */ = {isa = PBXBuildFile; fileRef = 075612121E576DA000061E85 /* ViewController.swift */; };
		075612161E576DA000061E85 /* Main.storyboard in Resources */ = {isa = PBXBuildFile; fileRef = 075612141E576DA000061E85 /* Main.storyboard */; };
		075612181E576DA000061E85 /* Assets.xcassets in Resources */ = {isa = PBXBuildFile; fileRef = 075612171E576DA000061E85 /* Assets.xcassets */; };
		0756121B1E576DA000061E85 /* LaunchScreen.storyboard in Resources */ = {isa = PBXBuildFile; fileRef = 075612191E576DA000061E85 /* LaunchScreen.storyboard */; };
		0756122C1E576E8D00061E85 /* MorphiiSDK.framework in Frameworks */ = {isa = PBXBuildFile; fileRef = 0756122B1E576E8D00061E85 /* MorphiiSDK.framework */; };
		0756122F1E576E9700061E85 /* Alamofire.framework in Frameworks */ = {isa = PBXBuildFile; fileRef = 0756122D1E576E9300061E85 /* Alamofire.framework */; };
		075612351E579D7A00061E85 /* TwoViewController.swift in Sources */ = {isa = PBXBuildFile; fileRef = 075612341E579D7A00061E85 /* TwoViewController.swift */; };
		075612371E579E1400061E85 /* SelectedMorphiiViewController.swift in Sources */ = {isa = PBXBuildFile; fileRef = 075612361E579E1400061E85 /* SelectedMorphiiViewController.swift */; };
		075612391E57A38800061E85 /* SelectedOverlayViewController.swift in Sources */ = {isa = PBXBuildFile; fileRef = 075612381E57A38800061E85 /* SelectedOverlayViewController.swift */; };
		0756123B1E57A3A500061E85 /* ThreeViewController.swift in Sources */ = {isa = PBXBuildFile; fileRef = 0756123A1E57A3A500061E85 /* ThreeViewController.swift */; };
		5C5FF0DC21E85084F9604C83 /* Pods_MorphiiSample.framework in Frameworks */ = {isa = PBXBuildFile; fileRef = 572C0A188068FE44B0687FA4 /* Pods_MorphiiSample.framework */; };
/* End PBXBuildFile section */

/* Begin PBXCopyFilesBuildPhase section */
		075612331E576E9700061E85 /* Embed Frameworks */ = {
			isa = PBXCopyFilesBuildPhase;
			buildActionMask = 2147483647;
			dstPath = "";
			dstSubfolderSpec = 10;
			files = (
			);
			name = "Embed Frameworks";
			runOnlyForDeploymentPostprocessing = 0;
		};
/* End PBXCopyFilesBuildPhase section */

/* Begin PBXFileReference section */
		0756120D1E576DA000061E85 /* MorphiiSample.app */ = {isa = PBXFileReference; explicitFileType = wrapper.application; includeInIndex = 0; path = MorphiiSample.app; sourceTree = BUILT_PRODUCTS_DIR; };
		075612101E576DA000061E85 /* AppDelegate.swift */ = {isa = PBXFileReference; lastKnownFileType = sourcecode.swift; path = AppDelegate.swift; sourceTree = "<group>"; };
		075612121E576DA000061E85 /* ViewController.swift */ = {isa = PBXFileReference; lastKnownFileType = sourcecode.swift; path = ViewController.swift; sourceTree = "<group>"; };
		075612151E576DA000061E85 /* Base */ = {isa = PBXFileReference; lastKnownFileType = file.storyboard; name = Base; path = Base.lproj/Main.storyboard; sourceTree = "<group>"; };
		075612171E576DA000061E85 /* Assets.xcassets */ = {isa = PBXFileReference; lastKnownFileType = folder.assetcatalog; path = Assets.xcassets; sourceTree = "<group>"; };
		0756121A1E576DA000061E85 /* Base */ = {isa = PBXFileReference; lastKnownFileType = file.storyboard; name = Base; path = Base.lproj/LaunchScreen.storyboard; sourceTree = "<group>"; };
		0756121C1E576DA000061E85 /* Info.plist */ = {isa = PBXFileReference; lastKnownFileType = text.plist.xml; path = Info.plist; sourceTree = "<group>"; };
		0756122B1E576E8D00061E85 /* MorphiiSDK.framework */ = {isa = PBXFileReference; lastKnownFileType = wrapper.framework; name = MorphiiSDK.framework; path = "/Users/michaelwright/code/vizbii/ios/sample-app/MorphiiSample/MorphiiSample/MorphiiSDK.framework"; sourceTree = "<absolute>"; };
		0756122D1E576E9300061E85 /* Alamofire.framework */ = {isa = PBXFileReference; lastKnownFileType = wrapper.framework; name = Alamofire.framework; path = "/Users/michaelwright/code/vizbii/ios/sample-app/MorphiiSample/MorphiiSample/Alamofire.framework"; sourceTree = "<absolute>"; };
		075612341E579D7A00061E85 /* TwoViewController.swift */ = {isa = PBXFileReference; fileEncoding = 4; lastKnownFileType = sourcecode.swift; path = TwoViewController.swift; sourceTree = "<group>"; };
		075612361E579E1400061E85 /* SelectedMorphiiViewController.swift */ = {isa = PBXFileReference; fileEncoding = 4; lastKnownFileType = sourcecode.swift; path = SelectedMorphiiViewController.swift; sourceTree = "<group>"; };
		075612381E57A38800061E85 /* SelectedOverlayViewController.swift */ = {isa = PBXFileReference; fileEncoding = 4; lastKnownFileType = sourcecode.swift; path = SelectedOverlayViewController.swift; sourceTree = "<group>"; };
		0756123A1E57A3A500061E85 /* ThreeViewController.swift */ = {isa = PBXFileReference; fileEncoding = 4; lastKnownFileType = sourcecode.swift; path = ThreeViewController.swift; sourceTree = "<group>"; };
		4A01AA260248DE5F4FD4FFEA /* Pods-MorphiiSample.debug.xcconfig */ = {isa = PBXFileReference; includeInIndex = 1; lastKnownFileType = text.xcconfig; name = "Pods-MorphiiSample.debug.xcconfig"; path = "Pods/Target Support Files/Pods-MorphiiSample/Pods-MorphiiSample.debug.xcconfig"; sourceTree = "<group>"; };
		572C0A188068FE44B0687FA4 /* Pods_MorphiiSample.framework */ = {isa = PBXFileReference; explicitFileType = wrapper.framework; includeInIndex = 0; path = Pods_MorphiiSample.framework; sourceTree = BUILT_PRODUCTS_DIR; };
		88EB70A38E62AF8600C0DBAF /* Pods-MorphiiSample.release.xcconfig */ = {isa = PBXFileReference; includeInIndex = 1; lastKnownFileType = text.xcconfig; name = "Pods-MorphiiSample.release.xcconfig"; path = "Pods/Target Support Files/Pods-MorphiiSample/Pods-MorphiiSample.release.xcconfig"; sourceTree = "<group>"; };
/* End PBXFileReference section */

/* Begin PBXFrameworksBuildPhase section */
		0756120A1E576DA000061E85 /* Frameworks */ = {
			isa = PBXFrameworksBuildPhase;
			buildActionMask = 2147483647;
			files = (
				0756122C1E576E8D00061E85 /* MorphiiSDK.framework in Frameworks */,
				0756122F1E576E9700061E85 /* Alamofire.framework in Frameworks */,
				5C5FF0DC21E85084F9604C83 /* Pods_MorphiiSample.framework in Frameworks */,
			);
			runOnlyForDeploymentPostprocessing = 0;
		};
/* End PBXFrameworksBuildPhase section */

/* Begin PBXGroup section */
		075612041E576DA000061E85 = {
			isa = PBXGroup;
			children = (
				0756120F1E576DA000061E85 /* MorphiiSample */,
				0756120E1E576DA000061E85 /* Products */,
				B757A2E2E9621AFF47C251EE /* Pods */,
				BCF89B03A9AA9045D24EB6DB /* Frameworks */,
			);
			sourceTree = "<group>";
		};
		0756120E1E576DA000061E85 /* Products */ = {
			isa = PBXGroup;
			children = (
				0756120D1E576DA000061E85 /* MorphiiSample.app */,
			);
			name = Products;
			sourceTree = "<group>";
		};
		0756120F1E576DA000061E85 /* MorphiiSample */ = {
			isa = PBXGroup;
			children = (
				075612101E576DA000061E85 /* AppDelegate.swift */,
				075612121E576DA000061E85 /* ViewController.swift */,
				075612341E579D7A00061E85 /* TwoViewController.swift */,
				0756123A1E57A3A500061E85 /* ThreeViewController.swift */,
				075612361E579E1400061E85 /* SelectedMorphiiViewController.swift */,
				075612381E57A38800061E85 /* SelectedOverlayViewController.swift */,
				075612141E576DA000061E85 /* Main.storyboard */,
				075612171E576DA000061E85 /* Assets.xcassets */,
				075612191E576DA000061E85 /* LaunchScreen.storyboard */,
				0756121C1E576DA000061E85 /* Info.plist */,
			);
			path = MorphiiSample;
			sourceTree = "<group>";
		};
		B757A2E2E9621AFF47C251EE /* Pods */ = {
			isa = PBXGroup;
			children = (
				4A01AA260248DE5F4FD4FFEA /* Pods-MorphiiSample.debug.xcconfig */,
				88EB70A38E62AF8600C0DBAF /* Pods-MorphiiSample.release.xcconfig */,
			);
			name = Pods;
			sourceTree = "<group>";
		};
		BCF89B03A9AA9045D24EB6DB /* Frameworks */ = {
			isa = PBXGroup;
			children = (
				572C0A188068FE44B0687FA4 /* Pods_MorphiiSample.framework */,
			);
			name = Frameworks;
			sourceTree = "<group>";
		};
/* End PBXGroup section */

/* Begin PBXNativeTarget section */
		0756120C1E576DA000061E85 /* MorphiiSample */ = {
			isa = PBXNativeTarget;
			buildConfigurationList = 0756121F1E576DA000061E85 /* Build configuration list for PBXNativeTarget "MorphiiSample" */;
			buildPhases = (
				E9E4E2D22E59D5903F24C46E /* [CP] Check Pods Manifest.lock */,
				075612091E576DA000061E85 /* Sources */,
				0756120A1E576DA000061E85 /* Frameworks */,
				0756120B1E576DA000061E85 /* Resources */,
				075612331E576E9700061E85 /* Embed Frameworks */,
				4810822989BAD4036B320879 /* [CP] Embed Pods Frameworks */,
				1A336427BF18A714E2BAB184 /* [CP] Copy Pods Resources */,
			);
			buildRules = (
			);
			dependencies = (
			);
			name = MorphiiSample;
			productName = MorphiiSample;
			productReference = 0756120D1E576DA000061E85 /* MorphiiSample.app */;
			productType = "com.apple.product-type.application";
		};
/* End PBXNativeTarget section */

/* Begin PBXProject section */
		075612051E576DA000061E85 /* Project object */ = {
			isa = PBXProject;
			attributes = {
				LastSwiftUpdateCheck = 0820;
				LastUpgradeCheck = 0820;
				ORGANIZATIONNAME = netgalaxystudios;
				TargetAttributes = {
					0756120C1E576DA000061E85 = {
						CreatedOnToolsVersion = 8.2.1;
						DevelopmentTeam = 9BQPC5NUTX;
						ProvisioningStyle = Automatic;
					};
				};
			};
			buildConfigurationList = 075612081E576DA000061E85 /* Build configuration list for PBXProject "MorphiiSample" */;
			compatibilityVersion = "Xcode 3.2";
			developmentRegion = English;
			hasScannedForEncodings = 0;
			knownRegions = (
				en,
				Base,
			);
			mainGroup = 075612041E576DA000061E85;
			productRefGroup = 0756120E1E576DA000061E85 /* Products */;
			projectDirPath = "";
			projectRoot = "";
			targets = (
				0756120C1E576DA000061E85 /* MorphiiSample */,
			);
		};
/* End PBXProject section */

/* Begin PBXResourcesBuildPhase section */
		0756120B1E576DA000061E85 /* Resources */ = {
			isa = PBXResourcesBuildPhase;
			buildActionMask = 2147483647;
			files = (
				0756121B1E576DA000061E85 /* LaunchScreen.storyboard in Resources */,
				075612181E576DA000061E85 /* Assets.xcassets in Resources */,
				075612161E576DA000061E85 /* Main.storyboard in Resources */,
			);
			runOnlyForDeploymentPostprocessing = 0;
		};
/* End PBXResourcesBuildPhase section */

/* Begin PBXShellScriptBuildPhase section */
		1A336427BF18A714E2BAB184 /* [CP] Copy Pods Resources */ = {
			isa = PBXShellScriptBuildPhase;
			buildActionMask = 2147483647;
			files = (
			);
			inputPaths = (
			);
			name = "[CP] Copy Pods Resources";
			outputPaths = (
			);
			runOnlyForDeploymentPostprocessing = 0;
			shellPath = /bin/sh;
			shellScript = "\"${SRCROOT}/Pods/Target Support Files/Pods-MorphiiSample/Pods-MorphiiSample-resources.sh\"\n";
			showEnvVarsInLog = 0;
		};
		4810822989BAD4036B320879 /* [CP] Embed Pods Frameworks */ = {
			isa = PBXShellScriptBuildPhase;
			buildActionMask = 2147483647;
			files = (
			);
			inputPaths = (
			);
			name = "[CP] Embed Pods Frameworks";
			outputPaths = (
			);
			runOnlyForDeploymentPostprocessing = 0;
			shellPath = /bin/sh;
			shellScript = "\"${SRCROOT}/Pods/Target Support Files/Pods-MorphiiSample/Pods-MorphiiSample-frameworks.sh\"\n";
			showEnvVarsInLog = 0;
		};
		E9E4E2D22E59D5903F24C46E /* [CP] Check Pods Manifest.lock */ = {
			isa = PBXShellScriptBuildPhase;
			buildActionMask = 2147483647;
			files = (
			);
			inputPaths = (
			);
			name = "[CP] Check Pods Manifest.lock";
			outputPaths = (
			);
			runOnlyForDeploymentPostprocessing = 0;
			shellPath = /bin/sh;
			shellScript = "diff \"${PODS_ROOT}/../Podfile.lock\" \"${PODS_ROOT}/Manifest.lock\" > /dev/null\nif [ $? != 0 ] ; then\n    # print error to STDERR\n    echo \"error: The sandbox is not in sync with the Podfile.lock. Run 'pod install' or update your CocoaPods installation.\" >&2\n    exit 1\nfi\n";
			showEnvVarsInLog = 0;
		};
/* End PBXShellScriptBuildPhase section */

/* Begin PBXSourcesBuildPhase section */
		075612091E576DA000061E85 /* Sources */ = {
			isa = PBXSourcesBuildPhase;
			buildActionMask = 2147483647;
			files = (
				075612131E576DA000061E85 /* ViewController.swift in Sources */,
				075612111E576DA000061E85 /* AppDelegate.swift in Sources */,
				075612371E579E1400061E85 /* SelectedMorphiiViewController.swift in Sources */,
				0756123B1E57A3A500061E85 /* ThreeViewController.swift in Sources */,
				075612351E579D7A00061E85 /* TwoViewController.swift in Sources */,
				075612391E57A38800061E85 /* SelectedOverlayViewController.swift in Sources */,
			);
			runOnlyForDeploymentPostprocessing = 0;
		};
/* End PBXSourcesBuildPhase section */

/* Begin PBXVariantGroup section */
		075612141E576DA000061E85 /* Main.storyboard */ = {
			isa = PBXVariantGroup;
			children = (
				075612151E576DA000061E85 /* Base */,
			);
			name = Main.storyboard;
			sourceTree = "<group>";
		};
		075612191E576DA000061E85 /* LaunchScreen.storyboard */ = {
			isa = PBXVariantGroup;
			children = (
				0756121A1E576DA000061E85 /* Base */,
			);
			name = LaunchScreen.storyboard;
			sourceTree = "<group>";
		};
/* End PBXVariantGroup section */

/* Begin XCBuildConfiguration section */
		0756121D1E576DA000061E85 /* Debug */ = {
			isa = XCBuildConfiguration;
			buildSettings = {
				ALWAYS_SEARCH_USER_PATHS = NO;
				CLANG_ANALYZER_NONNULL = YES;
				CLANG_CXX_LANGUAGE_STANDARD = "gnu++0x";
				CLANG_CXX_LIBRARY = "libc++";
				CLANG_ENABLE_MODULES = YES;
				CLANG_ENABLE_OBJC_ARC = YES;
				CLANG_WARN_BOOL_CONVERSION = YES;
				CLANG_WARN_CONSTANT_CONVERSION = YES;
				CLANG_WARN_DIRECT_OBJC_ISA_USAGE = YES_ERROR;
				CLANG_WARN_DOCUMENTATION_COMMENTS = YES;
				CLANG_WARN_EMPTY_BODY = YES;
				CLANG_WARN_ENUM_CONVERSION = YES;
				CLANG_WARN_INFINITE_RECURSION = YES;
				CLANG_WARN_INT_CONVERSION = YES;
				CLANG_WARN_OBJC_ROOT_CLASS = YES_ERROR;
				CLANG_WARN_SUSPICIOUS_MOVE = YES;
				CLANG_WARN_UNREACHABLE_CODE = YES;
				CLANG_WARN__DUPLICATE_METHOD_MATCH = YES;
				"CODE_SIGN_IDENTITY[sdk=iphoneos*]" = "iPhone Developer";
				COPY_PHASE_STRIP = NO;
				DEBUG_INFORMATION_FORMAT = dwarf;
				ENABLE_STRICT_OBJC_MSGSEND = YES;
				ENABLE_TESTABILITY = YES;
				GCC_C_LANGUAGE_STANDARD = gnu99;
				GCC_DYNAMIC_NO_PIC = NO;
				GCC_NO_COMMON_BLOCKS = YES;
				GCC_OPTIMIZATION_LEVEL = 0;
				GCC_PREPROCESSOR_DEFINITIONS = (
					"DEBUG=1",
					"$(inherited)",
				);
				GCC_WARN_64_TO_32_BIT_CONVERSION = YES;
				GCC_WARN_ABOUT_RETURN_TYPE = YES_ERROR;
				GCC_WARN_UNDECLARED_SELECTOR = YES;
				GCC_WARN_UNINITIALIZED_AUTOS = YES_AGGRESSIVE;
				GCC_WARN_UNUSED_FUNCTION = YES;
				GCC_WARN_UNUSED_VARIABLE = YES;
				IPHONEOS_DEPLOYMENT_TARGET = 10.2;
				MTL_ENABLE_DEBUG_INFO = YES;
				ONLY_ACTIVE_ARCH = YES;
				SDKROOT = iphoneos;
				SWIFT_ACTIVE_COMPILATION_CONDITIONS = DEBUG;
				SWIFT_OPTIMIZATION_LEVEL = "-Onone";
				TARGETED_DEVICE_FAMILY = "1,2";
			};
			name = Debug;
		};
		0756121E1E576DA000061E85 /* Release */ = {
			isa = XCBuildConfiguration;
			buildSettings = {
				ALWAYS_SEARCH_USER_PATHS = NO;
				CLANG_ANALYZER_NONNULL = YES;
				CLANG_CXX_LANGUAGE_STANDARD = "gnu++0x";
				CLANG_CXX_LIBRARY = "libc++";
				CLANG_ENABLE_MODULES = YES;
				CLANG_ENABLE_OBJC_ARC = YES;
				CLANG_WARN_BOOL_CONVERSION = YES;
				CLANG_WARN_CONSTANT_CONVERSION = YES;
				CLANG_WARN_DIRECT_OBJC_ISA_USAGE = YES_ERROR;
				CLANG_WARN_DOCUMENTATION_COMMENTS = YES;
				CLANG_WARN_EMPTY_BODY = YES;
				CLANG_WARN_ENUM_CONVERSION = YES;
				CLANG_WARN_INFINITE_RECURSION = YES;
				CLANG_WARN_INT_CONVERSION = YES;
				CLANG_WARN_OBJC_ROOT_CLASS = YES_ERROR;
				CLANG_WARN_SUSPICIOUS_MOVE = YES;
				CLANG_WARN_UNREACHABLE_CODE = YES;
				CLANG_WARN__DUPLICATE_METHOD_MATCH = YES;
				"CODE_SIGN_IDENTITY[sdk=iphoneos*]" = "iPhone Developer";
				COPY_PHASE_STRIP = NO;
				DEBUG_INFORMATION_FORMAT = "dwarf-with-dsym";
				ENABLE_NS_ASSERTIONS = NO;
				ENABLE_STRICT_OBJC_MSGSEND = YES;
				GCC_C_LANGUAGE_STANDARD = gnu99;
				GCC_NO_COMMON_BLOCKS = YES;
				GCC_WARN_64_TO_32_BIT_CONVERSION = YES;
				GCC_WARN_ABOUT_RETURN_TYPE = YES_ERROR;
				GCC_WARN_UNDECLARED_SELECTOR = YES;
				GCC_WARN_UNINITIALIZED_AUTOS = YES_AGGRESSIVE;
				GCC_WARN_UNUSED_FUNCTION = YES;
				GCC_WARN_UNUSED_VARIABLE = YES;
				IPHONEOS_DEPLOYMENT_TARGET = 10.2;
				MTL_ENABLE_DEBUG_INFO = NO;
				SDKROOT = iphoneos;
				SWIFT_OPTIMIZATION_LEVEL = "-Owholemodule";
				TARGETED_DEVICE_FAMILY = "1,2";
				VALIDATE_PRODUCT = YES;
			};
			name = Release;
		};
		075612201E576DA000061E85 /* Debug */ = {
			isa = XCBuildConfiguration;
			baseConfigurationReference = 4A01AA260248DE5F4FD4FFEA /* Pods-MorphiiSample.debug.xcconfig */;
			buildSettings = {
				ALWAYS_EMBED_SWIFT_STANDARD_LIBRARIES = YES;
				ASSETCATALOG_COMPILER_APPICON_NAME = AppIcon;
				DEVELOPMENT_TEAM = 9BQPC5NUTX;
				ENABLE_BITCODE = NO;
				FRAMEWORK_SEARCH_PATHS = (
					"$(inherited)",
					"$(PROJECT_DIR)/MorphiiSample",
				);
				INFOPLIST_FILE = MorphiiSample/Info.plist;
				LD_RUNPATH_SEARCH_PATHS = "$(inherited) @executable_path/Frameworks";
				PRODUCT_BUNDLE_IDENTIFIER = com.netgalaxystudios.MorphiiSample;
				PRODUCT_NAME = "$(TARGET_NAME)";
				SWIFT_VERSION = 3.0;
			};
			name = Debug;
		};
		075612211E576DA000061E85 /* Release */ = {
			isa = XCBuildConfiguration;
			baseConfigurationReference = 88EB70A38E62AF8600C0DBAF /* Pods-MorphiiSample.release.xcconfig */;
			buildSettings = {
				ALWAYS_EMBED_SWIFT_STANDARD_LIBRARIES = YES;
				ASSETCATALOG_COMPILER_APPICON_NAME = AppIcon;
				DEVELOPMENT_TEAM = 9BQPC5NUTX;
				ENABLE_BITCODE = NO;
				FRAMEWORK_SEARCH_PATHS = (
					"$(inherited)",
					"$(PROJECT_DIR)/MorphiiSample",
				);
				INFOPLIST_FILE = MorphiiSample/Info.plist;
				LD_RUNPATH_SEARCH_PATHS = "$(inherited) @executable_path/Frameworks";
				PRODUCT_BUNDLE_IDENTIFIER = com.netgalaxystudios.MorphiiSample;
				PRODUCT_NAME = "$(TARGET_NAME)";
				SWIFT_VERSION = 3.0;
			};
			name = Release;
		};
/* End XCBuildConfiguration section */

/* Begin XCConfigurationList section */
		075612081E576DA000061E85 /* Build configuration list for PBXProject "MorphiiSample" */ = {
			isa = XCConfigurationList;
			buildConfigurations = (
				0756121D1E576DA000061E85 /* Debug */,
				0756121E1E576DA000061E85 /* Release */,
			);
			defaultConfigurationIsVisible = 0;
			defaultConfigurationName = Release;
		};
		0756121F1E576DA000061E85 /* Build configuration list for PBXNativeTarget "MorphiiSample" */ = {
			isa = XCConfigurationList;
			buildConfigurations = (
				075612201E576DA000061E85 /* Debug */,
				075612211E576DA000061E85 /* Release */,
			);
			defaultConfigurationIsVisible = 0;
			defaultConfigurationName = Release;
		};
/* End XCConfigurationList section */
	};
	rootObject = 075612051E576DA000061E85 /* Project object */;
}
