// !$*UTF8*$!
{
	archiveVersion = 1;
	classes = {
	};
	objectVersion = 46;
	objects = {

/* Begin PBXBuildFile section */
		84385BD37D24EB5B3E9D9E4E /* Pods_MorphiiSampleObjC.framework in Frameworks */ = {isa = PBXBuildFile; fileRef = 97E296E51FBA40F000E6CD67 /* Pods_MorphiiSampleObjC.framework */; };
		97E296F21FBA445200E6CD67 /* Alamofire.framework in Frameworks */ = {isa = PBXBuildFile; fileRef = 97E296F31FBA445200E6CD67 /* Alamofire.framework */; };
		97E2971C1FBC8FA400E6CD67 /* MorphiiSDK.framework in Frameworks */ = {isa = PBXBuildFile; fileRef = 97E296F41FBA446800E6CD67 /* MorphiiSDK.framework */; };
		CB57BF0F1E60C3B9004A7AB5 /* main.m in Sources */ = {isa = PBXBuildFile; fileRef = CB57BF0E1E60C3B9004A7AB5 /* main.m */; };
		CB57BF121E60C3B9004A7AB5 /* AppDelegate.m in Sources */ = {isa = PBXBuildFile; fileRef = CB57BF111E60C3B9004A7AB5 /* AppDelegate.m */; };
		CB57BF151E60C3B9004A7AB5 /* ViewController.m in Sources */ = {isa = PBXBuildFile; fileRef = CB57BF141E60C3B9004A7AB5 /* ViewController.m */; };
		CB57BF181E60C3B9004A7AB5 /* Main.storyboard in Resources */ = {isa = PBXBuildFile; fileRef = CB57BF161E60C3B9004A7AB5 /* Main.storyboard */; };
		CB57BF1A1E60C3B9004A7AB5 /* Assets.xcassets in Resources */ = {isa = PBXBuildFile; fileRef = CB57BF191E60C3B9004A7AB5 /* Assets.xcassets */; };
		CB57BF1D1E60C3B9004A7AB5 /* LaunchScreen.storyboard in Resources */ = {isa = PBXBuildFile; fileRef = CB57BF1B1E60C3B9004A7AB5 /* LaunchScreen.storyboard */; };
/* End PBXBuildFile section */

/* Begin PBXFileReference section */
		1B3B0C4B318C3A0C17123524 /* Pods-MorphiiSampleObjC.debug.xcconfig */ = {isa = PBXFileReference; includeInIndex = 1; lastKnownFileType = text.xcconfig; name = "Pods-MorphiiSampleObjC.debug.xcconfig"; path = "Pods/Target Support Files/Pods-MorphiiSampleObjC/Pods-MorphiiSampleObjC.debug.xcconfig"; sourceTree = "<group>"; };
		2C331ECF2277ADC2500607C9 /* Pods-MorphiiSampleObjC.release.xcconfig */ = {isa = PBXFileReference; includeInIndex = 1; lastKnownFileType = text.xcconfig; name = "Pods-MorphiiSampleObjC.release.xcconfig"; path = "Pods/Target Support Files/Pods-MorphiiSampleObjC/Pods-MorphiiSampleObjC.release.xcconfig"; sourceTree = "<group>"; };
		97E296E51FBA40F000E6CD67 /* Pods_MorphiiSampleObjC.framework */ = {isa = PBXFileReference; lastKnownFileType = wrapper.framework; path = Pods_MorphiiSampleObjC.framework; sourceTree = "<group>"; };
		97E296F31FBA445200E6CD67 /* Alamofire.framework */ = {isa = PBXFileReference; explicitFileType = wrapper.framework; path = Alamofire.framework; sourceTree = BUILT_PRODUCTS_DIR; };
		97E296F41FBA446800E6CD67 /* MorphiiSDK.framework */ = {isa = PBXFileReference; lastKnownFileType = wrapper.framework; name = MorphiiSDK.framework; path = Pods/MorphiiSDK/MorphiiSDK.framework; sourceTree = "<group>"; };
		CB57BF0A1E60C3B9004A7AB5 /* MorphiiSampleObjC.app */ = {isa = PBXFileReference; explicitFileType = wrapper.application; includeInIndex = 0; path = MorphiiSampleObjC.app; sourceTree = BUILT_PRODUCTS_DIR; };
		CB57BF0E1E60C3B9004A7AB5 /* main.m */ = {isa = PBXFileReference; lastKnownFileType = sourcecode.c.objc; path = main.m; sourceTree = "<group>"; };
		CB57BF101E60C3B9004A7AB5 /* AppDelegate.h */ = {isa = PBXFileReference; lastKnownFileType = sourcecode.c.h; path = AppDelegate.h; sourceTree = "<group>"; };
		CB57BF111E60C3B9004A7AB5 /* AppDelegate.m */ = {isa = PBXFileReference; lastKnownFileType = sourcecode.c.objc; path = AppDelegate.m; sourceTree = "<group>"; };
		CB57BF131E60C3B9004A7AB5 /* ViewController.h */ = {isa = PBXFileReference; lastKnownFileType = sourcecode.c.h; path = ViewController.h; sourceTree = "<group>"; };
		CB57BF141E60C3B9004A7AB5 /* ViewController.m */ = {isa = PBXFileReference; lastKnownFileType = sourcecode.c.objc; path = ViewController.m; sourceTree = "<group>"; };
		CB57BF171E60C3B9004A7AB5 /* Base */ = {isa = PBXFileReference; lastKnownFileType = file.storyboard; name = Base; path = Base.lproj/Main.storyboard; sourceTree = "<group>"; };
		CB57BF191E60C3B9004A7AB5 /* Assets.xcassets */ = {isa = PBXFileReference; lastKnownFileType = folder.assetcatalog; path = Assets.xcassets; sourceTree = "<group>"; };
		CB57BF1C1E60C3B9004A7AB5 /* Base */ = {isa = PBXFileReference; lastKnownFileType = file.storyboard; name = Base; path = Base.lproj/LaunchScreen.storyboard; sourceTree = "<group>"; };
		CB57BF1E1E60C3B9004A7AB5 /* Info.plist */ = {isa = PBXFileReference; lastKnownFileType = text.plist.xml; path = Info.plist; sourceTree = "<group>"; };
/* End PBXFileReference section */

/* Begin PBXFrameworksBuildPhase section */
		CB57BF071E60C3B9004A7AB5 /* Frameworks */ = {
			isa = PBXFrameworksBuildPhase;
			buildActionMask = 2147483647;
			files = (
				97E2971C1FBC8FA400E6CD67 /* MorphiiSDK.framework in Frameworks */,
				97E296F21FBA445200E6CD67 /* Alamofire.framework in Frameworks */,
				84385BD37D24EB5B3E9D9E4E /* Pods_MorphiiSampleObjC.framework in Frameworks */,
			);
			runOnlyForDeploymentPostprocessing = 0;
		};
/* End PBXFrameworksBuildPhase section */

/* Begin PBXGroup section */
		5DEA829B9AD7BE547F61A09E /* Pods */ = {
			isa = PBXGroup;
			children = (
				1B3B0C4B318C3A0C17123524 /* Pods-MorphiiSampleObjC.debug.xcconfig */,
				2C331ECF2277ADC2500607C9 /* Pods-MorphiiSampleObjC.release.xcconfig */,
			);
			name = Pods;
			sourceTree = "<group>";
		};
		94C93029DDECFA2C895B6B4D /* Frameworks */ = {
			isa = PBXGroup;
			children = (
				97E296F41FBA446800E6CD67 /* MorphiiSDK.framework */,
				97E296F31FBA445200E6CD67 /* Alamofire.framework */,
				97E296E51FBA40F000E6CD67 /* Pods_MorphiiSampleObjC.framework */,
			);
			name = Frameworks;
			sourceTree = "<group>";
		};
		CB57BF011E60C3B9004A7AB5 = {
			isa = PBXGroup;
			children = (
				CB57BF0C1E60C3B9004A7AB5 /* MorphiiSampleObjC */,
				CB57BF0B1E60C3B9004A7AB5 /* Products */,
				5DEA829B9AD7BE547F61A09E /* Pods */,
				94C93029DDECFA2C895B6B4D /* Frameworks */,
			);
			sourceTree = "<group>";
		};
		CB57BF0B1E60C3B9004A7AB5 /* Products */ = {
			isa = PBXGroup;
			children = (
				CB57BF0A1E60C3B9004A7AB5 /* MorphiiSampleObjC.app */,
			);
			name = Products;
			sourceTree = "<group>";
		};
		CB57BF0C1E60C3B9004A7AB5 /* MorphiiSampleObjC */ = {
			isa = PBXGroup;
			children = (
				CB57BF101E60C3B9004A7AB5 /* AppDelegate.h */,
				CB57BF111E60C3B9004A7AB5 /* AppDelegate.m */,
				CB57BF131E60C3B9004A7AB5 /* ViewController.h */,
				CB57BF141E60C3B9004A7AB5 /* ViewController.m */,
				CB57BF161E60C3B9004A7AB5 /* Main.storyboard */,
				CB57BF191E60C3B9004A7AB5 /* Assets.xcassets */,
				CB57BF1B1E60C3B9004A7AB5 /* LaunchScreen.storyboard */,
				CB57BF1E1E60C3B9004A7AB5 /* Info.plist */,
				CB57BF0D1E60C3B9004A7AB5 /* Supporting Files */,
			);
			path = MorphiiSampleObjC;
			sourceTree = "<group>";
		};
		CB57BF0D1E60C3B9004A7AB5 /* Supporting Files */ = {
			isa = PBXGroup;
			children = (
				CB57BF0E1E60C3B9004A7AB5 /* main.m */,
			);
			name = "Supporting Files";
			sourceTree = "<group>";
		};
/* End PBXGroup section */

/* Begin PBXNativeTarget section */
		CB57BF091E60C3B9004A7AB5 /* MorphiiSampleObjC */ = {
			isa = PBXNativeTarget;
			buildConfigurationList = CB57BF211E60C3B9004A7AB5 /* Build configuration list for PBXNativeTarget "MorphiiSampleObjC" */;
			buildPhases = (
				B5118EC5217E55DF0FE0A746 /* [CP] Check Pods Manifest.lock */,
				CB57BF061E60C3B9004A7AB5 /* Sources */,
				CB57BF071E60C3B9004A7AB5 /* Frameworks */,
				CB57BF081E60C3B9004A7AB5 /* Resources */,
				A5199835BFE3C66C130F11B3 /* [CP] Embed Pods Frameworks */,
				38BACBDDAA9F336DFD304BA1 /* [CP] Copy Pods Resources */,
			);
			buildRules = (
			);
			dependencies = (
			);
			name = MorphiiSampleObjC;
			productName = MorphiiSampleObjC;
			productReference = CB57BF0A1E60C3B9004A7AB5 /* MorphiiSampleObjC.app */;
			productType = "com.apple.product-type.application";
		};
/* End PBXNativeTarget section */

/* Begin PBXProject section */
		CB57BF021E60C3B9004A7AB5 /* Project object */ = {
			isa = PBXProject;
			attributes = {
				LastUpgradeCheck = 0910;
				ORGANIZATIONNAME = "netGALAXY Studios";
				TargetAttributes = {
					CB57BF091E60C3B9004A7AB5 = {
						CreatedOnToolsVersion = 8.2.1;
						DevelopmentTeam = 7476JHVY58;
						ProvisioningStyle = Automatic;
					};
				};
			};
			buildConfigurationList = CB57BF051E60C3B9004A7AB5 /* Build configuration list for PBXProject "MorphiiSampleObjC" */;
			compatibilityVersion = "Xcode 3.2";
			developmentRegion = English;
			hasScannedForEncodings = 0;
			knownRegions = (
				en,
				Base,
			);
			mainGroup = CB57BF011E60C3B9004A7AB5;
			productRefGroup = CB57BF0B1E60C3B9004A7AB5 /* Products */;
			projectDirPath = "";
			projectRoot = "";
			targets = (
				CB57BF091E60C3B9004A7AB5 /* MorphiiSampleObjC */,
			);
		};
/* End PBXProject section */

/* Begin PBXResourcesBuildPhase section */
		CB57BF081E60C3B9004A7AB5 /* Resources */ = {
			isa = PBXResourcesBuildPhase;
			buildActionMask = 2147483647;
			files = (
				CB57BF1D1E60C3B9004A7AB5 /* LaunchScreen.storyboard in Resources */,
				CB57BF1A1E60C3B9004A7AB5 /* Assets.xcassets in Resources */,
				CB57BF181E60C3B9004A7AB5 /* Main.storyboard in Resources */,
			);
			runOnlyForDeploymentPostprocessing = 0;
		};
/* End PBXResourcesBuildPhase section */

/* Begin PBXShellScriptBuildPhase section */
		38BACBDDAA9F336DFD304BA1 /* [CP] Copy Pods Resources */ = {
			isa = PBXShellScriptBuildPhase;
			buildActionMask = 2147483647;
			files = (
			);
			inputPaths = (
			);
			name = "[CP] Copy Pods Resources";
			outputPaths = (
			);
			runOnlyForDeploymentPostprocessing = 0;
			shellPath = /bin/sh;
			shellScript = "\"${SRCROOT}/Pods/Target Support Files/Pods-MorphiiSampleObjC/Pods-MorphiiSampleObjC-resources.sh\"\n";
			showEnvVarsInLog = 0;
		};
		A5199835BFE3C66C130F11B3 /* [CP] Embed Pods Frameworks */ = {
			isa = PBXShellScriptBuildPhase;
			buildActionMask = 2147483647;
			files = (
			);
			inputPaths = (
			);
			name = "[CP] Embed Pods Frameworks";
			outputPaths = (
			);
			runOnlyForDeploymentPostprocessing = 0;
			shellPath = /bin/sh;
			shellScript = "\"${SRCROOT}/Pods/Target Support Files/Pods-MorphiiSampleObjC/Pods-MorphiiSampleObjC-frameworks.sh\"\n";
			showEnvVarsInLog = 0;
		};
		B5118EC5217E55DF0FE0A746 /* [CP] Check Pods Manifest.lock */ = {
			isa = PBXShellScriptBuildPhase;
			buildActionMask = 2147483647;
			files = (
			);
			inputPaths = (
			);
			name = "[CP] Check Pods Manifest.lock";
			outputPaths = (
			);
			runOnlyForDeploymentPostprocessing = 0;
			shellPath = /bin/sh;
			shellScript = "diff \"${PODS_ROOT}/../Podfile.lock\" \"${PODS_ROOT}/Manifest.lock\" > /dev/null\nif [ $? != 0 ] ; then\n    # print error to STDERR\n    echo \"error: The sandbox is not in sync with the Podfile.lock. Run 'pod install' or update your CocoaPods installation.\" >&2\n    exit 1\nfi\n";
			showEnvVarsInLog = 0;
		};
/* End PBXShellScriptBuildPhase section */

/* Begin PBXSourcesBuildPhase section */
		CB57BF061E60C3B9004A7AB5 /* Sources */ = {
			isa = PBXSourcesBuildPhase;
			buildActionMask = 2147483647;
			files = (
				CB57BF151E60C3B9004A7AB5 /* ViewController.m in Sources */,
				CB57BF121E60C3B9004A7AB5 /* AppDelegate.m in Sources */,
				CB57BF0F1E60C3B9004A7AB5 /* main.m in Sources */,
			);
			runOnlyForDeploymentPostprocessing = 0;
		};
/* End PBXSourcesBuildPhase section */

/* Begin PBXVariantGroup section */
		CB57BF161E60C3B9004A7AB5 /* Main.storyboard */ = {
			isa = PBXVariantGroup;
			children = (
				CB57BF171E60C3B9004A7AB5 /* Base */,
			);
			name = Main.storyboard;
			sourceTree = "<group>";
		};
		CB57BF1B1E60C3B9004A7AB5 /* LaunchScreen.storyboard */ = {
			isa = PBXVariantGroup;
			children = (
				CB57BF1C1E60C3B9004A7AB5 /* Base */,
			);
			name = LaunchScreen.storyboard;
			sourceTree = "<group>";
		};
/* End PBXVariantGroup section */

/* Begin XCBuildConfiguration section */
		CB57BF1F1E60C3B9004A7AB5 /* Debug */ = {
			isa = XCBuildConfiguration;
			buildSettings = {
				ALWAYS_SEARCH_USER_PATHS = NO;
				CLANG_ANALYZER_NONNULL = YES;
				CLANG_CXX_LANGUAGE_STANDARD = "gnu++0x";
				CLANG_CXX_LIBRARY = "libc++";
				CLANG_ENABLE_MODULES = YES;
				CLANG_ENABLE_OBJC_ARC = YES;
				CLANG_WARN_BLOCK_CAPTURE_AUTORELEASING = YES;
				CLANG_WARN_BOOL_CONVERSION = YES;
				CLANG_WARN_COMMA = YES;
				CLANG_WARN_CONSTANT_CONVERSION = YES;
				CLANG_WARN_DIRECT_OBJC_ISA_USAGE = YES_ERROR;
				CLANG_WARN_DOCUMENTATION_COMMENTS = YES;
				CLANG_WARN_EMPTY_BODY = YES;
				CLANG_WARN_ENUM_CONVERSION = YES;
				CLANG_WARN_INFINITE_RECURSION = YES;
				CLANG_WARN_INT_CONVERSION = YES;
				CLANG_WARN_NON_LITERAL_NULL_CONVERSION = YES;
				CLANG_WARN_OBJC_LITERAL_CONVERSION = YES;
				CLANG_WARN_OBJC_ROOT_CLASS = YES_ERROR;
				CLANG_WARN_RANGE_LOOP_ANALYSIS = YES;
				CLANG_WARN_STRICT_PROTOTYPES = YES;
				CLANG_WARN_SUSPICIOUS_MOVE = YES;
				CLANG_WARN_UNREACHABLE_CODE = YES;
				CLANG_WARN__DUPLICATE_METHOD_MATCH = YES;
				"CODE_SIGN_IDENTITY[sdk=iphoneos*]" = "iPhone Developer";
				COPY_PHASE_STRIP = NO;
				DEBUG_INFORMATION_FORMAT = dwarf;
				ENABLE_STRICT_OBJC_MSGSEND = YES;
				ENABLE_TESTABILITY = YES;
				GCC_C_LANGUAGE_STANDARD = gnu99;
				GCC_DYNAMIC_NO_PIC = NO;
				GCC_NO_COMMON_BLOCKS = YES;
				GCC_OPTIMIZATION_LEVEL = 0;
				GCC_PREPROCESSOR_DEFINITIONS = (
					"DEBUG=1",
					"$(inherited)",
				);
				GCC_WARN_64_TO_32_BIT_CONVERSION = YES;
				GCC_WARN_ABOUT_RETURN_TYPE = YES_ERROR;
				GCC_WARN_UNDECLARED_SELECTOR = YES;
				GCC_WARN_UNINITIALIZED_AUTOS = YES_AGGRESSIVE;
				GCC_WARN_UNUSED_FUNCTION = YES;
				GCC_WARN_UNUSED_VARIABLE = YES;
				IPHONEOS_DEPLOYMENT_TARGET = 10.2;
				MTL_ENABLE_DEBUG_INFO = YES;
				ONLY_ACTIVE_ARCH = YES;
				SDKROOT = iphoneos;
				TARGETED_DEVICE_FAMILY = "1,2";
			};
			name = Debug;
		};
		CB57BF201E60C3B9004A7AB5 /* Release */ = {
			isa = XCBuildConfiguration;
			buildSettings = {
				ALWAYS_SEARCH_USER_PATHS = NO;
				CLANG_ANALYZER_NONNULL = YES;
				CLANG_CXX_LANGUAGE_STANDARD = "gnu++0x";
				CLANG_CXX_LIBRARY = "libc++";
				CLANG_ENABLE_MODULES = YES;
				CLANG_ENABLE_OBJC_ARC = YES;
				CLANG_WARN_BLOCK_CAPTURE_AUTORELEASING = YES;
				CLANG_WARN_BOOL_CONVERSION = YES;
				CLANG_WARN_COMMA = YES;
				CLANG_WARN_CONSTANT_CONVERSION = YES;
				CLANG_WARN_DIRECT_OBJC_ISA_USAGE = YES_ERROR;
				CLANG_WARN_DOCUMENTATION_COMMENTS = YES;
				CLANG_WARN_EMPTY_BODY = YES;
				CLANG_WARN_ENUM_CONVERSION = YES;
				CLANG_WARN_INFINITE_RECURSION = YES;
				CLANG_WARN_INT_CONVERSION = YES;
				CLANG_WARN_NON_LITERAL_NULL_CONVERSION = YES;
				CLANG_WARN_OBJC_LITERAL_CONVERSION = YES;
				CLANG_WARN_OBJC_ROOT_CLASS = YES_ERROR;
				CLANG_WARN_RANGE_LOOP_ANALYSIS = YES;
				CLANG_WARN_STRICT_PROTOTYPES = YES;
				CLANG_WARN_SUSPICIOUS_MOVE = YES;
				CLANG_WARN_UNREACHABLE_CODE = YES;
				CLANG_WARN__DUPLICATE_METHOD_MATCH = YES;
				"CODE_SIGN_IDENTITY[sdk=iphoneos*]" = "iPhone Developer";
				COPY_PHASE_STRIP = NO;
				DEBUG_INFORMATION_FORMAT = "dwarf-with-dsym";
				ENABLE_NS_ASSERTIONS = NO;
				ENABLE_STRICT_OBJC_MSGSEND = YES;
				GCC_C_LANGUAGE_STANDARD = gnu99;
				GCC_NO_COMMON_BLOCKS = YES;
				GCC_WARN_64_TO_32_BIT_CONVERSION = YES;
				GCC_WARN_ABOUT_RETURN_TYPE = YES_ERROR;
				GCC_WARN_UNDECLARED_SELECTOR = YES;
				GCC_WARN_UNINITIALIZED_AUTOS = YES_AGGRESSIVE;
				GCC_WARN_UNUSED_FUNCTION = YES;
				GCC_WARN_UNUSED_VARIABLE = YES;
				IPHONEOS_DEPLOYMENT_TARGET = 10.2;
				MTL_ENABLE_DEBUG_INFO = NO;
				SDKROOT = iphoneos;
				TARGETED_DEVICE_FAMILY = "1,2";
				VALIDATE_PRODUCT = YES;
			};
			name = Release;
		};
		CB57BF221E60C3B9004A7AB5 /* Debug */ = {
			isa = XCBuildConfiguration;
			baseConfigurationReference = 1B3B0C4B318C3A0C17123524 /* Pods-MorphiiSampleObjC.debug.xcconfig */;
			buildSettings = {
				ALWAYS_EMBED_SWIFT_STANDARD_LIBRARIES = YES;
				ASSETCATALOG_COMPILER_APPICON_NAME = AppIcon;
				DEVELOPMENT_TEAM = 7476JHVY58;
				ENABLE_BITCODE = NO;
				FRAMEWORK_SEARCH_PATHS = (
					"$(inherited)",
					"$(PROJECT_DIR)/Pods/MorphiiSDK",
					"$(PROJECT_DIR)",
				);
				INFOPLIST_FILE = MorphiiSampleObjC/Info.plist;
				LD_RUNPATH_SEARCH_PATHS = "$(inherited) @executable_path/Frameworks";
				PRODUCT_BUNDLE_IDENTIFIER = com.morphii.MorphiiSampleObjC;
				PRODUCT_NAME = "$(TARGET_NAME)";
				TARGETED_DEVICE_FAMILY = "1,2";
			};
			name = Debug;
		};
		CB57BF231E60C3B9004A7AB5 /* Release */ = {
			isa = XCBuildConfiguration;
			baseConfigurationReference = 2C331ECF2277ADC2500607C9 /* Pods-MorphiiSampleObjC.release.xcconfig */;
			buildSettings = {
				ALWAYS_EMBED_SWIFT_STANDARD_LIBRARIES = YES;
				ASSETCATALOG_COMPILER_APPICON_NAME = AppIcon;
				DEVELOPMENT_TEAM = 7476JHVY58;
				ENABLE_BITCODE = NO;
				FRAMEWORK_SEARCH_PATHS = (
					"$(inherited)",
					"$(PROJECT_DIR)/Pods/MorphiiSDK",
					"$(PROJECT_DIR)",
				);
				INFOPLIST_FILE = MorphiiSampleObjC/Info.plist;
				LD_RUNPATH_SEARCH_PATHS = "$(inherited) @executable_path/Frameworks";
				PRODUCT_BUNDLE_IDENTIFIER = com.morphii.MorphiiSampleObjC;
				PRODUCT_NAME = "$(TARGET_NAME)";
				TARGETED_DEVICE_FAMILY = "1,2";
			};
			name = Release;
		};
/* End XCBuildConfiguration section */

/* Begin XCConfigurationList section */
		CB57BF051E60C3B9004A7AB5 /* Build configuration list for PBXProject "MorphiiSampleObjC" */ = {
			isa = XCConfigurationList;
			buildConfigurations = (
				CB57BF1F1E60C3B9004A7AB5 /* Debug */,
				CB57BF201E60C3B9004A7AB5 /* Release */,
			);
			defaultConfigurationIsVisible = 0;
			defaultConfigurationName = Release;
		};
		CB57BF211E60C3B9004A7AB5 /* Build configuration list for PBXNativeTarget "MorphiiSampleObjC" */ = {
			isa = XCConfigurationList;
			buildConfigurations = (
				CB57BF221E60C3B9004A7AB5 /* Debug */,
				CB57BF231E60C3B9004A7AB5 /* Release */,
			);
			defaultConfigurationIsVisible = 0;
			defaultConfigurationName = Release;
		};
/* End XCConfigurationList section */
	};
	rootObject = CB57BF021E60C3B9004A7AB5 /* Project object */;
}
