PODS:
  - Alamofire (4.5.1)
  - MorphiiSDK (0.0.65):
    - Alamofire (~> 4.4)

DEPENDENCIES:
  - MorphiiSDK (from `https://github.com/Vizbii/morphii-sdk-ios.git`, tag `0.0.65`)

EXTERNAL SOURCES:
  MorphiiSDK:
    :git: https://github.com/Vizbii/morphii-sdk-ios.git
    :tag: 0.0.65

CHECKOUT OPTIONS:
  MorphiiSDK:
    :git: https://github.com/Vizbii/morphii-sdk-ios.git
    :tag: 0.0.65

SPEC CHECKSUMS:
  Alamofire: 2d95912bf4c34f164fdfc335872e8c312acaea4a
  MorphiiSDK: 7a10c8dfb2e02cabe798a492171fa0e847311d3c

PODFILE CHECKSUM: 6e17c8cba3e814875bbefcc0ddd309f8121532d3

COCOAPODS: 1.2.0
